<?xml version="1.0" encoding="utf-8"?>
<Project ToolsVersion="4.0" xmlns="http://schemas.microsoft.com/developer/msbuild/2003">
  <ItemGroup>
    <ClInclude Include="Common\CommonTypes.h" />
    <ClInclude Include="Endian\Endian.h" />
    <ClInclude Include="Serialization\Interface\Serializer.h" />
    <ClInclude Include="Exception\ExceptionBase.h" />
    <ClInclude Include="Exception\StackTracer.h" />
    <ClInclude Include="Config\PlatformConfig.h" />
    <ClInclude Include="String\StringFormat.h" />
    <ClInclude Include="Exception\ExceptionTypes.h" />
    <ClInclude Include="Exception\StackTrace.h" />
    <ClInclude Include="Exception\SymbolInfo.h" />
    <ClInclude Include="Exception\SymbolInfoGenerator.h" />
    <ClInclude Include="Exception\ErrorInfo.h" />
    <ClInclude Include="Exception\BackTraceGenerator.h" />
    <ClInclude Include="Exception\AppException.h" />
    <ClInclude Include="Exception\FatalException.h" />
    <ClInclude Include="Endian\EndianType.h" />
    <ClInclude Include="Binary\FloatIntConverter.h" />
    <ClInclude Include="Serialization\Interface\Archive.h" />
    <ClInclude Include="Serialization\Binary\BinarySerialization.h" />
    <ClInclude Include="Serialization\Text\TextSerialization.h" />
    <ClInclude Include="Serialization\Text\TextSerializer.h" />
    <ClInclude Include="Binary\BinaryConverter.h" />
    <ClInclude Include="TypeTraits\TypeTraits.h" />
    <ClInclude Include="Serialization\Interface\SerializerFactory.h" />
    <ClInclude Include="Dump\DataDumper.h" />
    <ClInclude Include="Random\RandomGenerator.h" />
    <ClInclude Include="Random\RandomDataGenerator.h" />
    <ClInclude Include="TypeTraits\DataTypeTraits.h" />
  </ItemGroup>
  <ItemGroup>
    <ClCompile Include="Exception\ExceptionBase.cpp" />
    <ClCompile Include="Exception\StackTracer.cpp" />
    <ClCompile Include="Exception\SymbolInfoGenerator.cpp" />
    <ClCompile Include="Exception\BackTraceGenerator.cpp" />
    <ClCompile Include="Exception\AppException.cpp" />
    <ClCompile Include="Exception\FatalException.cpp" />
    <ClCompile Include="Serialization\Interface\Archive.cpp" />
    <ClCompile Include="Serialization\Binary\BinarySerializer.h" />
    <ClCompile Include="Serialization\Binary\BinarySerialization.cpp" />
    <ClCompile Include="Serialization\Text\TextSerialization.cpp" />
    <ClCompile Include="Dump\DataDumper.cpp" />
    <ClCompile Include="Random\RandomGenerator.cpp" />
    <ClCompile Include="Random\RandomDataGenerator.cpp" />
  </ItemGroup>
  <ItemGroup>
    <None Include="packages.config" />
  </ItemGroup>
</Project>